
Microsoft Visual Studio Solution File, Format Version 12.00
# Visual Studio Version 16
VisualStudioVersion = 16.0.30002.166
MinimumVisualStudioVersion = 10.0.40219.1
Project("{9A19103F-16F7-4668-BE54-9A1E7A4F7556}") = "ProductivityTools.PSDisplayPosition.Delete", "ProductivityTools.PSDisplayPosition.Delete\ProductivityTools.PSDisplayPosition.Delete.csproj", "{AE5D02BB-89B1-4EAD-B52E-DECFAA1C06D0}"
EndProject
Project("{9A19103F-16F7-4668-BE54-9A1E7A4F7556}") = "ProductivityTools.PSDisplayPosition.Cmdlet", "ProductivityTools.PSDisplayPosition.Cmdlet\ProductivityTools.PSDisplayPosition.Cmdlet.csproj", "{CFEDC5D0-D5C4-4823-8C1F-CC26D39D200B}"
EndProject
Project("{FAE04EC0-301F-11D3-BF4B-00C04F79EFBC}") = "nextcore", "nextcore\nextcore.csproj", "{3E358E42-8B5C-413F-AACC-2DB612758FC5}"
EndProject
Project("{FAE04EC0-301F-11D3-BF4B-00C04F79EFBC}") = "netstandard", "netstandard\netstandard.csproj", "{8F6B7B73-42C6-4D9A-9583-E27754C43C11}"
EndProject
Project("{FAE04EC0-301F-11D3-BF4B-00C04F79EFBC}") = "netframework", "netframework\netframework.csproj", "{46E331B6-1D21-49F7-B84C-75BEAFC90F16}"
EndProject
Global
	GlobalSection(SolutionConfigurationPlatforms) = preSolution
		Debug|Any CPU = Debug|Any CPU
		Release|Any CPU = Release|Any CPU
	EndGlobalSection
	GlobalSection(ProjectConfigurationPlatforms) = postSolution
		{AE5D02BB-89B1-4EAD-B52E-DECFAA1C06D0}.Debug|Any CPU.ActiveCfg = Debug|Any CPU
		{AE5D02BB-89B1-4EAD-B52E-DECFAA1C06D0}.Debug|Any CPU.Build.0 = Debug|Any CPU
		{AE5D02BB-89B1-4EAD-B52E-DECFAA1C06D0}.Release|Any CPU.ActiveCfg = Release|Any CPU
		{AE5D02BB-89B1-4EAD-B52E-DECFAA1C06D0}.Release|Any CPU.Build.0 = Release|Any CPU
		{CFEDC5D0-D5C4-4823-8C1F-CC26D39D200B}.Debug|Any CPU.ActiveCfg = Debug|Any CPU
		{CFEDC5D0-D5C4-4823-8C1F-CC26D39D200B}.Debug|Any CPU.Build.0 = Debug|Any CPU
		{CFEDC5D0-D5C4-4823-8C1F-CC26D39D200B}.Release|Any CPU.ActiveCfg = Release|Any CPU
		{CFEDC5D0-D5C4-4823-8C1F-CC26D39D200B}.Release|Any CPU.Build.0 = Release|Any CPU
		{3E358E42-8B5C-413F-AACC-2DB612758FC5}.Debug|Any CPU.ActiveCfg = Debug|Any CPU
		{3E358E42-8B5C-413F-AACC-2DB612758FC5}.Debug|Any CPU.Build.0 = Debug|Any CPU
		{3E358E42-8B5C-413F-AACC-2DB612758FC5}.Release|Any CPU.ActiveCfg = Release|Any CPU
		{3E358E42-8B5C-413F-AACC-2DB612758FC5}.Release|Any CPU.Build.0 = Release|Any CPU
		{8F6B7B73-42C6-4D9A-9583-E27754C43C11}.Debug|Any CPU.ActiveCfg = Debug|Any CPU
		{8F6B7B73-42C6-4D9A-9583-E27754C43C11}.Debug|Any CPU.Build.0 = Debug|Any CPU
		{8F6B7B73-42C6-4D9A-9583-E27754C43C11}.Release|Any CPU.ActiveCfg = Release|Any CPU
		{8F6B7B73-42C6-4D9A-9583-E27754C43C11}.Release|Any CPU.Build.0 = Release|Any CPU
		{46E331B6-1D21-49F7-B84C-75BEAFC90F16}.Debug|Any CPU.ActiveCfg = Debug|Any CPU
		{46E331B6-1D21-49F7-B84C-75BEAFC90F16}.Debug|Any CPU.Build.0 = Debug|Any CPU
		{46E331B6-1D21-49F7-B84C-75BEAFC90F16}.Release|Any CPU.ActiveCfg = Release|Any CPU
		{46E331B6-1D21-49F7-B84C-75BEAFC90F16}.Release|Any CPU.Build.0 = Release|Any CPU
	EndGlobalSection
	GlobalSection(SolutionProperties) = preSolution
		HideSolutionNode = FALSE
	EndGlobalSection
	GlobalSection(ExtensibilityGlobals) = postSolution
		SolutionGuid = {0C03E9B5-511A-4D40-95DE-7E804FCC542D}
	EndGlobalSection
EndGlobal
